// !$*UTF8*$!
{
	archiveVersion = 1;
	classes = {
	};
	objectVersion = 56;
	objects = {

/* Begin PBXBuildFile section */
		9008866D28E9E5540079AC28 /* AfricaApp.swift in Sources */ = {isa = PBXBuildFile; fileRef = 9008866C28E9E5540079AC28 /* AfricaApp.swift */; };
		9008866F28E9E5540079AC28 /* ContentView.swift in Sources */ = {isa = PBXBuildFile; fileRef = 9008866E28E9E5540079AC28 /* ContentView.swift */; };
		9008867128E9E5560079AC28 /* Assets.xcassets in Resources */ = {isa = PBXBuildFile; fileRef = 9008867028E9E5560079AC28 /* Assets.xcassets */; };
		9008867428E9E5560079AC28 /* Preview Assets.xcassets in Resources */ = {isa = PBXBuildFile; fileRef = 9008867328E9E5560079AC28 /* Preview Assets.xcassets */; };
		9008867E28E9E5560079AC28 /* AfricaTests.swift in Sources */ = {isa = PBXBuildFile; fileRef = 9008867D28E9E5560079AC28 /* AfricaTests.swift */; };
		9008868828E9E5560079AC28 /* AfricaUITests.swift in Sources */ = {isa = PBXBuildFile; fileRef = 9008868728E9E5560079AC28 /* AfricaUITests.swift */; };
		9008868A28E9E5560079AC28 /* AfricaUITestsLaunchTests.swift in Sources */ = {isa = PBXBuildFile; fileRef = 9008868928E9E5560079AC28 /* AfricaUITestsLaunchTests.swift */; };
		900886A128E9E6E20079AC28 /* cheetah.mp4 in Resources */ = {isa = PBXBuildFile; fileRef = 9008869728E9E6E00079AC28 /* cheetah.mp4 */; };
		900886A228E9E6E20079AC28 /* rhino.mp4 in Resources */ = {isa = PBXBuildFile; fileRef = 9008869828E9E6E00079AC28 /* rhino.mp4 */; };
		900886A328E9E6E20079AC28 /* elephant.mp4 in Resources */ = {isa = PBXBuildFile; fileRef = 9008869928E9E6E10079AC28 /* elephant.mp4 */; };
		900886A428E9E6E20079AC28 /* giraffe.mp4 in Resources */ = {isa = PBXBuildFile; fileRef = 9008869A28E9E6E10079AC28 /* giraffe.mp4 */; };
		900886A528E9E6E20079AC28 /* gorilla.mp4 in Resources */ = {isa = PBXBuildFile; fileRef = 9008869B28E9E6E10079AC28 /* gorilla.mp4 */; };
		900886A628E9E6E20079AC28 /* hippo.mp4 in Resources */ = {isa = PBXBuildFile; fileRef = 9008869C28E9E6E10079AC28 /* hippo.mp4 */; };
		900886A728E9E6E20079AC28 /* lioness.mp4 in Resources */ = {isa = PBXBuildFile; fileRef = 9008869D28E9E6E10079AC28 /* lioness.mp4 */; };
		900886A828E9E6E20079AC28 /* lion.mp4 in Resources */ = {isa = PBXBuildFile; fileRef = 9008869E28E9E6E20079AC28 /* lion.mp4 */; };
		900886A928E9E6E20079AC28 /* ostrich.mp4 in Resources */ = {isa = PBXBuildFile; fileRef = 9008869F28E9E6E20079AC28 /* ostrich.mp4 */; };
		900886AA28E9E6E20079AC28 /* zebra.mp4 in Resources */ = {isa = PBXBuildFile; fileRef = 900886A028E9E6E20079AC28 /* zebra.mp4 */; };
		900886B028E9E71B0079AC28 /* videos.json in Resources */ = {isa = PBXBuildFile; fileRef = 900886AC28E9E71B0079AC28 /* videos.json */; };
		900886B128E9E71B0079AC28 /* locations.json in Resources */ = {isa = PBXBuildFile; fileRef = 900886AD28E9E71B0079AC28 /* locations.json */; };
		900886B228E9E71B0079AC28 /* animals.json in Resources */ = {isa = PBXBuildFile; fileRef = 900886AE28E9E71B0079AC28 /* animals.json */; };
		900886B328E9E71B0079AC28 /* covers.json in Resources */ = {isa = PBXBuildFile; fileRef = 900886AF28E9E71B0079AC28 /* covers.json */; };
/* End PBXBuildFile section */

/* Begin PBXContainerItemProxy section */
		9008867A28E9E5560079AC28 /* PBXContainerItemProxy */ = {
			isa = PBXContainerItemProxy;
			containerPortal = 9008866128E9E5540079AC28 /* Project object */;
			proxyType = 1;
			remoteGlobalIDString = 9008866828E9E5540079AC28;
			remoteInfo = Africa;
		};
		9008868428E9E5560079AC28 /* PBXContainerItemProxy */ = {
			isa = PBXContainerItemProxy;
			containerPortal = 9008866128E9E5540079AC28 /* Project object */;
			proxyType = 1;
			remoteGlobalIDString = 9008866828E9E5540079AC28;
			remoteInfo = Africa;
		};
/* End PBXContainerItemProxy section */

/* Begin PBXFileReference section */
		9008866928E9E5540079AC28 /* Africa.app */ = {isa = PBXFileReference; explicitFileType = wrapper.application; includeInIndex = 0; path = Africa.app; sourceTree = BUILT_PRODUCTS_DIR; };
		9008866C28E9E5540079AC28 /* AfricaApp.swift */ = {isa = PBXFileReference; lastKnownFileType = sourcecode.swift; path = AfricaApp.swift; sourceTree = "<group>"; };
		9008866E28E9E5540079AC28 /* ContentView.swift */ = {isa = PBXFileReference; lastKnownFileType = sourcecode.swift; path = ContentView.swift; sourceTree = "<group>"; };
		9008867028E9E5560079AC28 /* Assets.xcassets */ = {isa = PBXFileReference; lastKnownFileType = folder.assetcatalog; path = Assets.xcassets; sourceTree = "<group>"; };
		9008867328E9E5560079AC28 /* Preview Assets.xcassets */ = {isa = PBXFileReference; lastKnownFileType = folder.assetcatalog; path = "Preview Assets.xcassets"; sourceTree = "<group>"; };
		9008867928E9E5560079AC28 /* AfricaTests.xctest */ = {isa = PBXFileReference; explicitFileType = wrapper.cfbundle; includeInIndex = 0; path = AfricaTests.xctest; sourceTree = BUILT_PRODUCTS_DIR; };
		9008867D28E9E5560079AC28 /* AfricaTests.swift */ = {isa = PBXFileReference; lastKnownFileType = sourcecode.swift; path = AfricaTests.swift; sourceTree = "<group>"; };
		9008868328E9E5560079AC28 /* AfricaUITests.xctest */ = {isa = PBXFileReference; explicitFileType = wrapper.cfbundle; includeInIndex = 0; path = AfricaUITests.xctest; sourceTree = BUILT_PRODUCTS_DIR; };
		9008868728E9E5560079AC28 /* AfricaUITests.swift */ = {isa = PBXFileReference; lastKnownFileType = sourcecode.swift; path = AfricaUITests.swift; sourceTree = "<group>"; };
		9008868928E9E5560079AC28 /* AfricaUITestsLaunchTests.swift */ = {isa = PBXFileReference; lastKnownFileType = sourcecode.swift; path = AfricaUITestsLaunchTests.swift; sourceTree = "<group>"; };
		9008869728E9E6E00079AC28 /* cheetah.mp4 */ = {isa = PBXFileReference; lastKnownFileType = file; path = cheetah.mp4; sourceTree = "<group>"; };
		9008869828E9E6E00079AC28 /* rhino.mp4 */ = {isa = PBXFileReference; lastKnownFileType = file; path = rhino.mp4; sourceTree = "<group>"; };
		9008869928E9E6E10079AC28 /* elephant.mp4 */ = {isa = PBXFileReference; lastKnownFileType = file; path = elephant.mp4; sourceTree = "<group>"; };
		9008869A28E9E6E10079AC28 /* giraffe.mp4 */ = {isa = PBXFileReference; lastKnownFileType = file; path = giraffe.mp4; sourceTree = "<group>"; };
		9008869B28E9E6E10079AC28 /* gorilla.mp4 */ = {isa = PBXFileReference; lastKnownFileType = file; path = gorilla.mp4; sourceTree = "<group>"; };
		9008869C28E9E6E10079AC28 /* hippo.mp4 */ = {isa = PBXFileReference; lastKnownFileType = file; path = hippo.mp4; sourceTree = "<group>"; };
		9008869D28E9E6E10079AC28 /* lioness.mp4 */ = {isa = PBXFileReference; lastKnownFileType = file; path = lioness.mp4; sourceTree = "<group>"; };
		9008869E28E9E6E20079AC28 /* lion.mp4 */ = {isa = PBXFileReference; lastKnownFileType = file; path = lion.mp4; sourceTree = "<group>"; };
		9008869F28E9E6E20079AC28 /* ostrich.mp4 */ = {isa = PBXFileReference; lastKnownFileType = file; path = ostrich.mp4; sourceTree = "<group>"; };
		900886A028E9E6E20079AC28 /* zebra.mp4 */ = {isa = PBXFileReference; lastKnownFileType = file; path = zebra.mp4; sourceTree = "<group>"; };
		900886AC28E9E71B0079AC28 /* videos.json */ = {isa = PBXFileReference; fileEncoding = 4; lastKnownFileType = text.json; path = videos.json; sourceTree = "<group>"; };
		900886AD28E9E71B0079AC28 /* locations.json */ = {isa = PBXFileReference; fileEncoding = 4; lastKnownFileType = text.json; path = locations.json; sourceTree = "<group>"; };
		900886AE28E9E71B0079AC28 /* animals.json */ = {isa = PBXFileReference; fileEncoding = 4; lastKnownFileType = text.json; path = animals.json; sourceTree = "<group>"; };
		900886AF28E9E71B0079AC28 /* covers.json */ = {isa = PBXFileReference; fileEncoding = 4; lastKnownFileType = text.json; path = covers.json; sourceTree = "<group>"; };
		900886B428E9E7D40079AC28 /* Info.plist */ = {isa = PBXFileReference; lastKnownFileType = text.plist; path = Info.plist; sourceTree = "<group>"; };
/* End PBXFileReference section */

/* Begin PBXFrameworksBuildPhase section */
		9008866628E9E5540079AC28 /* Frameworks */ = {
			isa = PBXFrameworksBuildPhase;
			buildActionMask = 2147483647;
			files = (
			);
			runOnlyForDeploymentPostprocessing = 0;
		};
		9008867628E9E5560079AC28 /* Frameworks */ = {
			isa = PBXFrameworksBuildPhase;
			buildActionMask = 2147483647;
			files = (
			);
			runOnlyForDeploymentPostprocessing = 0;
		};
		9008868028E9E5560079AC28 /* Frameworks */ = {
			isa = PBXFrameworksBuildPhase;
			buildActionMask = 2147483647;
			files = (
			);
			runOnlyForDeploymentPostprocessing = 0;
		};
/* End PBXFrameworksBuildPhase section */

/* Begin PBXGroup section */
		9008866028E9E5540079AC28 = {
			isa = PBXGroup;
			children = (
				9008866B28E9E5540079AC28 /* Africa */,
				9008867C28E9E5560079AC28 /* AfricaTests */,
				9008868628E9E5560079AC28 /* AfricaUITests */,
				9008866A28E9E5540079AC28 /* Products */,
			);
			sourceTree = "<group>";
		};
		9008866A28E9E5540079AC28 /* Products */ = {
			isa = PBXGroup;
			children = (
				9008866928E9E5540079AC28 /* Africa.app */,
				9008867928E9E5560079AC28 /* AfricaTests.xctest */,
				9008868328E9E5560079AC28 /* AfricaUITests.xctest */,
			);
			name = Products;
			sourceTree = "<group>";
		};
		9008866B28E9E5540079AC28 /* Africa */ = {
			isa = PBXGroup;
			children = (
				900886B428E9E7D40079AC28 /* Info.plist */,
				900886AB28E9E70B0079AC28 /* Data */,
				9008869628E9E6B70079AC28 /* Video */,
				9008866C28E9E5540079AC28 /* AfricaApp.swift */,
				9008866E28E9E5540079AC28 /* ContentView.swift */,
				9008867028E9E5560079AC28 /* Assets.xcassets */,
				9008867228E9E5560079AC28 /* Preview Content */,
			);
			path = Africa;
			sourceTree = "<group>";
		};
		9008867228E9E5560079AC28 /* Preview Content */ = {
			isa = PBXGroup;
			children = (
				9008867328E9E5560079AC28 /* Preview Assets.xcassets */,
			);
			path = "Preview Content";
			sourceTree = "<group>";
		};
		9008867C28E9E5560079AC28 /* AfricaTests */ = {
			isa = PBXGroup;
			children = (
				9008867D28E9E5560079AC28 /* AfricaTests.swift */,
			);
			path = AfricaTests;
			sourceTree = "<group>";
		};
		9008868628E9E5560079AC28 /* AfricaUITests */ = {
			isa = PBXGroup;
			children = (
				9008868728E9E5560079AC28 /* AfricaUITests.swift */,
				9008868928E9E5560079AC28 /* AfricaUITestsLaunchTests.swift */,
			);
			path = AfricaUITests;
			sourceTree = "<group>";
		};
		9008869628E9E6B70079AC28 /* Video */ = {
			isa = PBXGroup;
			children = (
				9008869728E9E6E00079AC28 /* cheetah.mp4 */,
				9008869928E9E6E10079AC28 /* elephant.mp4 */,
				9008869A28E9E6E10079AC28 /* giraffe.mp4 */,
				9008869B28E9E6E10079AC28 /* gorilla.mp4 */,
				9008869C28E9E6E10079AC28 /* hippo.mp4 */,
				9008869E28E9E6E20079AC28 /* lion.mp4 */,
				9008869D28E9E6E10079AC28 /* lioness.mp4 */,
				9008869F28E9E6E20079AC28 /* ostrich.mp4 */,
				9008869828E9E6E00079AC28 /* rhino.mp4 */,
				900886A028E9E6E20079AC28 /* zebra.mp4 */,
			);
			path = Video;
			sourceTree = "<group>";
		};
		900886AB28E9E70B0079AC28 /* Data */ = {
			isa = PBXGroup;
			children = (
				900886AE28E9E71B0079AC28 /* animals.json */,
				900886AF28E9E71B0079AC28 /* covers.json */,
				900886AD28E9E71B0079AC28 /* locations.json */,
				900886AC28E9E71B0079AC28 /* videos.json */,
			);
			path = Data;
			sourceTree = "<group>";
		};
/* End PBXGroup section */

/* Begin PBXNativeTarget section */
		9008866828E9E5540079AC28 /* Africa */ = {
			isa = PBXNativeTarget;
			buildConfigurationList = 9008868D28E9E5560079AC28 /* Build configuration list for PBXNativeTarget "Africa" */;
			buildPhases = (
				9008866528E9E5540079AC28 /* Sources */,
				9008866628E9E5540079AC28 /* Frameworks */,
				9008866728E9E5540079AC28 /* Resources */,
			);
			buildRules = (
			);
			dependencies = (
			);
			name = Africa;
			productName = Africa;
			productReference = 9008866928E9E5540079AC28 /* Africa.app */;
			productType = "com.apple.product-type.application";
		};
		9008867828E9E5560079AC28 /* AfricaTests */ = {
			isa = PBXNativeTarget;
			buildConfigurationList = 9008869028E9E5560079AC28 /* Build configuration list for PBXNativeTarget "AfricaTests" */;
			buildPhases = (
				9008867528E9E5560079AC28 /* Sources */,
				9008867628E9E5560079AC28 /* Frameworks */,
				9008867728E9E5560079AC28 /* Resources */,
			);
			buildRules = (
			);
			dependencies = (
				9008867B28E9E5560079AC28 /* PBXTargetDependency */,
			);
			name = AfricaTests;
			productName = AfricaTests;
			productReference = 9008867928E9E5560079AC28 /* AfricaTests.xctest */;
			productType = "com.apple.product-type.bundle.unit-test";
		};
		9008868228E9E5560079AC28 /* AfricaUITests */ = {
			isa = PBXNativeTarget;
			buildConfigurationList = 9008869328E9E5560079AC28 /* Build configuration list for PBXNativeTarget "AfricaUITests" */;
			buildPhases = (
				9008867F28E9E5560079AC28 /* Sources */,
				9008868028E9E5560079AC28 /* Frameworks */,
				9008868128E9E5560079AC28 /* Resources */,
			);
			buildRules = (
			);
			dependencies = (
				9008868528E9E5560079AC28 /* PBXTargetDependency */,
			);
			name = AfricaUITests;
			productName = AfricaUITests;
			productReference = 9008868328E9E5560079AC28 /* AfricaUITests.xctest */;
			productType = "com.apple.product-type.bundle.ui-testing";
		};
/* End PBXNativeTarget section */

/* Begin PBXProject section */
		9008866128E9E5540079AC28 /* Project object */ = {
			isa = PBXProject;
			attributes = {
				BuildIndependentTargetsInParallel = 1;
				LastSwiftUpdateCheck = 1400;
				LastUpgradeCheck = 1400;
				TargetAttributes = {
					9008866828E9E5540079AC28 = {
						CreatedOnToolsVersion = 14.0.1;
					};
					9008867828E9E5560079AC28 = {
						CreatedOnToolsVersion = 14.0.1;
						TestTargetID = 9008866828E9E5540079AC28;
					};
					9008868228E9E5560079AC28 = {
						CreatedOnToolsVersion = 14.0.1;
						TestTargetID = 9008866828E9E5540079AC28;
					};
				};
			};
			buildConfigurationList = 9008866428E9E5540079AC28 /* Build configuration list for PBXProject "Africa" */;
			compatibilityVersion = "Xcode 14.0";
			developmentRegion = en;
			hasScannedForEncodings = 0;
			knownRegions = (
				en,
				Base,
			);
			mainGroup = 9008866028E9E5540079AC28;
			productRefGroup = 9008866A28E9E5540079AC28 /* Products */;
			projectDirPath = "";
			projectRoot = "";
			targets = (
				9008866828E9E5540079AC28 /* Africa */,
				9008867828E9E5560079AC28 /* AfricaTests */,
				9008868228E9E5560079AC28 /* AfricaUITests */,
			);
		};
/* End PBXProject section */

/* Begin PBXResourcesBuildPhase section */
		9008866728E9E5540079AC28 /* Resources */ = {
			isa = PBXResourcesBuildPhase;
			buildActionMask = 2147483647;
			files = (
				900886B228E9E71B0079AC28 /* animals.json in Resources */,
				900886B128E9E71B0079AC28 /* locations.json in Resources */,
				900886A628E9E6E20079AC28 /* hippo.mp4 in Resources */,
				900886A228E9E6E20079AC28 /* rhino.mp4 in Resources */,
				900886A728E9E6E20079AC28 /* lioness.mp4 in Resources */,
				900886B328E9E71B0079AC28 /* covers.json in Resources */,
				900886A828E9E6E20079AC28 /* lion.mp4 in Resources */,
				900886B028E9E71B0079AC28 /* videos.json in Resources */,
				900886AA28E9E6E20079AC28 /* zebra.mp4 in Resources */,
				9008867428E9E5560079AC28 /* Preview Assets.xcassets in Resources */,
				900886A428E9E6E20079AC28 /* giraffe.mp4 in Resources */,
				900886A528E9E6E20079AC28 /* gorilla.mp4 in Resources */,
				9008867128E9E5560079AC28 /* Assets.xcassets in Resources */,
				900886A328E9E6E20079AC28 /* elephant.mp4 in Resources */,
				900886A128E9E6E20079AC28 /* cheetah.mp4 in Resources */,
				900886A928E9E6E20079AC28 /* ostrich.mp4 in Resources */,
			);
			runOnlyForDeploymentPostprocessing = 0;
		};
		9008867728E9E5560079AC28 /* Resources */ = {
			isa = PBXResourcesBuildPhase;
			buildActionMask = 2147483647;
			files = (
			);
			runOnlyForDeploymentPostprocessing = 0;
		};
		9008868128E9E5560079AC28 /* Resources */ = {
			isa = PBXResourcesBuildPhase;
			buildActionMask = 2147483647;
			files = (
			);
			runOnlyForDeploymentPostprocessing = 0;
		};
/* End PBXResourcesBuildPhase section */

/* Begin PBXSourcesBuildPhase section */
		9008866528E9E5540079AC28 /* Sources */ = {
			isa = PBXSourcesBuildPhase;
			buildActionMask = 2147483647;
			files = (
				9008866F28E9E5540079AC28 /* ContentView.swift in Sources */,
				9008866D28E9E5540079AC28 /* AfricaApp.swift in Sources */,
			);
			runOnlyForDeploymentPostprocessing = 0;
		};
		9008867528E9E5560079AC28 /* Sources */ = {
			isa = PBXSourcesBuildPhase;
			buildActionMask = 2147483647;
			files = (
				9008867E28E9E5560079AC28 /* AfricaTests.swift in Sources */,
			);
			runOnlyForDeploymentPostprocessing = 0;
		};
		9008867F28E9E5560079AC28 /* Sources */ = {
			isa = PBXSourcesBuildPhase;
			buildActionMask = 2147483647;
			files = (
				9008868A28E9E5560079AC28 /* AfricaUITestsLaunchTests.swift in Sources */,
				9008868828E9E5560079AC28 /* AfricaUITests.swift in Sources */,
			);
			runOnlyForDeploymentPostprocessing = 0;
		};
/* End PBXSourcesBuildPhase section */

/* Begin PBXTargetDependency section */
		9008867B28E9E5560079AC28 /* PBXTargetDependency */ = {
			isa = PBXTargetDependency;
			target = 9008866828E9E5540079AC28 /* Africa */;
			targetProxy = 9008867A28E9E5560079AC28 /* PBXContainerItemProxy */;
		};
		9008868528E9E5560079AC28 /* PBXTargetDependency */ = {
			isa = PBXTargetDependency;
			target = 9008866828E9E5540079AC28 /* Africa */;
			targetProxy = 9008868428E9E5560079AC28 /* PBXContainerItemProxy */;
		};
/* End PBXTargetDependency section */

/* Begin XCBuildConfiguration section */
		9008868B28E9E5560079AC28 /* Debug */ = {
			isa = XCBuildConfiguration;
			buildSettings = {
				ALWAYS_SEARCH_USER_PATHS = NO;
				CLANG_ANALYZER_NONNULL = YES;
				CLANG_ANALYZER_NUMBER_OBJECT_CONVERSION = YES_AGGRESSIVE;
				CLANG_CXX_LANGUAGE_STANDARD = "gnu++20";
				CLANG_ENABLE_MODULES = YES;
				CLANG_ENABLE_OBJC_ARC = YES;
				CLANG_ENABLE_OBJC_WEAK = YES;
				CLANG_WARN_BLOCK_CAPTURE_AUTORELEASING = YES;
				CLANG_WARN_BOOL_CONVERSION = YES;
				CLANG_WARN_COMMA = YES;
				CLANG_WARN_CONSTANT_CONVERSION = YES;
				CLANG_WARN_DEPRECATED_OBJC_IMPLEMENTATIONS = YES;
				CLANG_WARN_DIRECT_OBJC_ISA_USAGE = YES_ERROR;
				CLANG_WARN_DOCUMENTATION_COMMENTS = YES;
				CLANG_WARN_EMPTY_BODY = YES;
				CLANG_WARN_ENUM_CONVERSION = YES;
				CLANG_WARN_INFINITE_RECURSION = YES;
				CLANG_WARN_INT_CONVERSION = YES;
				CLANG_WARN_NON_LITERAL_NULL_CONVERSION = YES;
				CLANG_WARN_OBJC_IMPLICIT_RETAIN_SELF = YES;
				CLANG_WARN_OBJC_LITERAL_CONVERSION = YES;
				CLANG_WARN_OBJC_ROOT_CLASS = YES_ERROR;
				CLANG_WARN_QUOTED_INCLUDE_IN_FRAMEWORK_HEADER = YES;
				CLANG_WARN_RANGE_LOOP_ANALYSIS = YES;
				CLANG_WARN_STRICT_PROTOTYPES = YES;
				CLANG_WARN_SUSPICIOUS_MOVE = YES;
				CLANG_WARN_UNGUARDED_AVAILABILITY = YES_AGGRESSIVE;
				CLANG_WARN_UNREACHABLE_CODE = YES;
				CLANG_WARN__DUPLICATE_METHOD_MATCH = YES;
				COPY_PHASE_STRIP = NO;
				DEBUG_INFORMATION_FORMAT = dwarf;
				ENABLE_STRICT_OBJC_MSGSEND = YES;
				ENABLE_TESTABILITY = YES;
				GCC_C_LANGUAGE_STANDARD = gnu11;
				GCC_DYNAMIC_NO_PIC = NO;
				GCC_NO_COMMON_BLOCKS = YES;
				GCC_OPTIMIZATION_LEVEL = 0;
				GCC_PREPROCESSOR_DEFINITIONS = (
					"DEBUG=1",
					"$(inherited)",
				);
				GCC_WARN_64_TO_32_BIT_CONVERSION = YES;
				GCC_WARN_ABOUT_RETURN_TYPE = YES_ERROR;
				GCC_WARN_UNDECLARED_SELECTOR = YES;
				GCC_WARN_UNINITIALIZED_AUTOS = YES_AGGRESSIVE;
				GCC_WARN_UNUSED_FUNCTION = YES;
				GCC_WARN_UNUSED_VARIABLE = YES;
				IPHONEOS_DEPLOYMENT_TARGET = 16.0;
				MTL_ENABLE_DEBUG_INFO = INCLUDE_SOURCE;
				MTL_FAST_MATH = YES;
				ONLY_ACTIVE_ARCH = YES;
				SDKROOT = iphoneos;
				SWIFT_ACTIVE_COMPILATION_CONDITIONS = DEBUG;
				SWIFT_OPTIMIZATION_LEVEL = "-Onone";
			};
			name = Debug;
		};
		9008868C28E9E5560079AC28 /* Release */ = {
			isa = XCBuildConfiguration;
			buildSettings = {
				ALWAYS_SEARCH_USER_PATHS = NO;
				CLANG_ANALYZER_NONNULL = YES;
				CLANG_ANALYZER_NUMBER_OBJECT_CONVERSION = YES_AGGRESSIVE;
				CLANG_CXX_LANGUAGE_STANDARD = "gnu++20";
				CLANG_ENABLE_MODULES = YES;
				CLANG_ENABLE_OBJC_ARC = YES;
				CLANG_ENABLE_OBJC_WEAK = YES;
				CLANG_WARN_BLOCK_CAPTURE_AUTORELEASING = YES;
				CLANG_WARN_BOOL_CONVERSION = YES;
				CLANG_WARN_COMMA = YES;
				CLANG_WARN_CONSTANT_CONVERSION = YES;
				CLANG_WARN_DEPRECATED_OBJC_IMPLEMENTATIONS = YES;
				CLANG_WARN_DIRECT_OBJC_ISA_USAGE = YES_ERROR;
				CLANG_WARN_DOCUMENTATION_COMMENTS = YES;
				CLANG_WARN_EMPTY_BODY = YES;
				CLANG_WARN_ENUM_CONVERSION = YES;
				CLANG_WARN_INFINITE_RECURSION = YES;
				CLANG_WARN_INT_CONVERSION = YES;
				CLANG_WARN_NON_LITERAL_NULL_CONVERSION = YES;
				CLANG_WARN_OBJC_IMPLICIT_RETAIN_SELF = YES;
				CLANG_WARN_OBJC_LITERAL_CONVERSION = YES;
				CLANG_WARN_OBJC_ROOT_CLASS = YES_ERROR;
				CLANG_WARN_QUOTED_INCLUDE_IN_FRAMEWORK_HEADER = YES;
				CLANG_WARN_RANGE_LOOP_ANALYSIS = YES;
				CLANG_WARN_STRICT_PROTOTYPES = YES;
				CLANG_WARN_SUSPICIOUS_MOVE = YES;
				CLANG_WARN_UNGUARDED_AVAILABILITY = YES_AGGRESSIVE;
				CLANG_WARN_UNREACHABLE_CODE = YES;
				CLANG_WARN__DUPLICATE_METHOD_MATCH = YES;
				COPY_PHASE_STRIP = NO;
				DEBUG_INFORMATION_FORMAT = "dwarf-with-dsym";
				ENABLE_NS_ASSERTIONS = NO;
				ENABLE_STRICT_OBJC_MSGSEND = YES;
				GCC_C_LANGUAGE_STANDARD = gnu11;
				GCC_NO_COMMON_BLOCKS = YES;
				GCC_WARN_64_TO_32_BIT_CONVERSION = YES;
				GCC_WARN_ABOUT_RETURN_TYPE = YES_ERROR;
				GCC_WARN_UNDECLARED_SELECTOR = YES;
				GCC_WARN_UNINITIALIZED_AUTOS = YES_AGGRESSIVE;
				GCC_WARN_UNUSED_FUNCTION = YES;
				GCC_WARN_UNUSED_VARIABLE = YES;
				IPHONEOS_DEPLOYMENT_TARGET = 16.0;
				MTL_ENABLE_DEBUG_INFO = NO;
				MTL_FAST_MATH = YES;
				SDKROOT = iphoneos;
				SWIFT_COMPILATION_MODE = wholemodule;
				SWIFT_OPTIMIZATION_LEVEL = "-O";
				VALIDATE_PRODUCT = YES;
			};
			name = Release;
		};
		9008868E28E9E5560079AC28 /* Debug */ = {
			isa = XCBuildConfiguration;
			buildSettings = {
				ASSETCATALOG_COMPILER_APPICON_NAME = AppIcon;
				ASSETCATALOG_COMPILER_GLOBAL_ACCENT_COLOR_NAME = AccentColor;
				CODE_SIGN_STYLE = Automatic;
				CURRENT_PROJECT_VERSION = 1;
				DEVELOPMENT_ASSET_PATHS = "\"Africa/Preview Content\"";
				DEVELOPMENT_TEAM = 6U8HRYAE4R;
				ENABLE_PREVIEWS = YES;
				GENERATE_INFOPLIST_FILE = YES;
				INFOPLIST_FILE = Africa/Info.plist;
				INFOPLIST_KEY_UIApplicationSceneManifest_Generation = YES;
				INFOPLIST_KEY_UIApplicationSupportsIndirectInputEvents = YES;
				INFOPLIST_KEY_UISupportedInterfaceOrientations_iPad = "UIInterfaceOrientationPortrait UIInterfaceOrientationPortraitUpsideDown UIInterfaceOrientationLandscapeLeft UIInterfaceOrientationLandscapeRight";
				INFOPLIST_KEY_UISupportedInterfaceOrientations_iPhone = "UIInterfaceOrientationPortrait UIInterfaceOrientationLandscapeLeft UIInterfaceOrientationLandscapeRight";
				LD_RUNPATH_SEARCH_PATHS = (
					"$(inherited)",
					"@executable_path/Frameworks",
				);
				MARKETING_VERSION = 1.0;
				PRODUCT_BUNDLE_IDENTIFIER = com.africa.Africa;
				PRODUCT_NAME = "$(TARGET_NAME)";
				SWIFT_EMIT_LOC_STRINGS = YES;
				SWIFT_VERSION = 5.0;
				TARGETED_DEVICE_FAMILY = "1,2";
			};
			name = Debug;
		};
		9008868F28E9E5560079AC28 /* Release */ = {
			isa = XCBuildConfiguration;
			buildSettings = {
				ASSETCATALOG_COMPILER_APPICON_NAME = AppIcon;
				ASSETCATALOG_COMPILER_GLOBAL_ACCENT_COLOR_NAME = AccentColor;
				CODE_SIGN_STYLE = Automatic;
				CURRENT_PROJECT_VERSION = 1;
				DEVELOPMENT_ASSET_PATHS = "\"Africa/Preview Content\"";
				DEVELOPMENT_TEAM = 6U8HRYAE4R;
				ENABLE_PREVIEWS = YES;
				GENERATE_INFOPLIST_FILE = YES;
				INFOPLIST_FILE = Africa/Info.plist;
				INFOPLIST_KEY_UIApplicationSceneManifest_Generation = YES;
				INFOPLIST_KEY_UIApplicationSupportsIndirectInputEvents = YES;
				INFOPLIST_KEY_UISupportedInterfaceOrientations_iPad = "UIInterfaceOrientationPortrait UIInterfaceOrientationPortraitUpsideDown UIInterfaceOrientationLandscapeLeft UIInterfaceOrientationLandscapeRight";
				INFOPLIST_KEY_UISupportedInterfaceOrientations_iPhone = "UIInterfaceOrientationPortrait UIInterfaceOrientationLandscapeLeft UIInterfaceOrientationLandscapeRight";
				LD_RUNPATH_SEARCH_PATHS = (
					"$(inherited)",
					"@executable_path/Frameworks",
				);
				MARKETING_VERSION = 1.0;
				PRODUCT_BUNDLE_IDENTIFIER = com.africa.Africa;
				PRODUCT_NAME = "$(TARGET_NAME)";
				SWIFT_EMIT_LOC_STRINGS = YES;
				SWIFT_VERSION = 5.0;
				TARGETED_DEVICE_FAMILY = "1,2";
			};
			name = Release;
		};
		9008869128E9E5560079AC28 /* Debug */ = {
			isa = XCBuildConfiguration;
			buildSettings = {
				ALWAYS_EMBED_SWIFT_STANDARD_LIBRARIES = YES;
				BUNDLE_LOADER = "$(TEST_HOST)";
				CODE_SIGN_STYLE = Automatic;
				CURRENT_PROJECT_VERSION = 1;
				DEVELOPMENT_TEAM = 6U8HRYAE4R;
				GENERATE_INFOPLIST_FILE = YES;
				IPHONEOS_DEPLOYMENT_TARGET = 16.0;
				MARKETING_VERSION = 1.0;
				PRODUCT_BUNDLE_IDENTIFIER = com.africa.AfricaTests;
				PRODUCT_NAME = "$(TARGET_NAME)";
				SWIFT_EMIT_LOC_STRINGS = NO;
				SWIFT_VERSION = 5.0;
				TARGETED_DEVICE_FAMILY = "1,2";
				TEST_HOST = "$(BUILT_PRODUCTS_DIR)/Africa.app/$(BUNDLE_EXECUTABLE_FOLDER_PATH)/Africa";
			};
			name = Debug;
		};
		9008869228E9E5560079AC28 /* Release */ = {
			isa = XCBuildConfiguration;
			buildSettings = {
				ALWAYS_EMBED_SWIFT_STANDARD_LIBRARIES = YES;
				BUNDLE_LOADER = "$(TEST_HOST)";
				CODE_SIGN_STYLE = Automatic;
				CURRENT_PROJECT_VERSION = 1;
				DEVELOPMENT_TEAM = 6U8HRYAE4R;
				GENERATE_INFOPLIST_FILE = YES;
				IPHONEOS_DEPLOYMENT_TARGET = 16.0;
				MARKETING_VERSION = 1.0;
				PRODUCT_BUNDLE_IDENTIFIER = com.africa.AfricaTests;
				PRODUCT_NAME = "$(TARGET_NAME)";
				SWIFT_EMIT_LOC_STRINGS = NO;
				SWIFT_VERSION = 5.0;
				TARGETED_DEVICE_FAMILY = "1,2";
				TEST_HOST = "$(BUILT_PRODUCTS_DIR)/Africa.app/$(BUNDLE_EXECUTABLE_FOLDER_PATH)/Africa";
			};
			name = Release;
		};
		9008869428E9E5560079AC28 /* Debug */ = {
			isa = XCBuildConfiguration;
			buildSettings = {
				ALWAYS_EMBED_SWIFT_STANDARD_LIBRARIES = YES;
				CODE_SIGN_STYLE = Automatic;
				CURRENT_PROJECT_VERSION = 1;
				DEVELOPMENT_TEAM = 6U8HRYAE4R;
				GENERATE_INFOPLIST_FILE = YES;
				MARKETING_VERSION = 1.0;
				PRODUCT_BUNDLE_IDENTIFIER = com.africa.AfricaUITests;
				PRODUCT_NAME = "$(TARGET_NAME)";
				SWIFT_EMIT_LOC_STRINGS = NO;
				SWIFT_VERSION = 5.0;
				TARGETED_DEVICE_FAMILY = "1,2";
				TEST_TARGET_NAME = Africa;
			};
			name = Debug;
		};
		9008869528E9E5560079AC28 /* Release */ = {
			isa = XCBuildConfiguration;
			buildSettings = {
				ALWAYS_EMBED_SWIFT_STANDARD_LIBRARIES = YES;
				CODE_SIGN_STYLE = Automatic;
				CURRENT_PROJECT_VERSION = 1;
				DEVELOPMENT_TEAM = 6U8HRYAE4R;
				GENERATE_INFOPLIST_FILE = YES;
				MARKETING_VERSION = 1.0;
				PRODUCT_BUNDLE_IDENTIFIER = com.africa.AfricaUITests;
				PRODUCT_NAME = "$(TARGET_NAME)";
				SWIFT_EMIT_LOC_STRINGS = NO;
				SWIFT_VERSION = 5.0;
				TARGETED_DEVICE_FAMILY = "1,2";
				TEST_TARGET_NAME = Africa;
			};
			name = Release;
		};
/* End XCBuildConfiguration section */

/* Begin XCConfigurationList section */
		9008866428E9E5540079AC28 /* Build configuration list for PBXProject "Africa" */ = {
			isa = XCConfigurationList;
			buildConfigurations = (
				9008868B28E9E5560079AC28 /* Debug */,
				9008868C28E9E5560079AC28 /* Release */,
			);
			defaultConfigurationIsVisible = 0;
			defaultConfigurationName = Release;
		};
		9008868D28E9E5560079AC28 /* Build configuration list for PBXNativeTarget "Africa" */ = {
			isa = XCConfigurationList;
			buildConfigurations = (
				9008868E28E9E5560079AC28 /* Debug */,
				9008868F28E9E5560079AC28 /* Release */,
			);
			defaultConfigurationIsVisible = 0;
			defaultConfigurationName = Release;
		};
		9008869028E9E5560079AC28 /* Build configuration list for PBXNativeTarget "AfricaTests" */ = {
			isa = XCConfigurationList;
			buildConfigurations = (
				9008869128E9E5560079AC28 /* Debug */,
				9008869228E9E5560079AC28 /* Release */,
			);
			defaultConfigurationIsVisible = 0;
			defaultConfigurationName = Release;
		};
		9008869328E9E5560079AC28 /* Build configuration list for PBXNativeTarget "AfricaUITests" */ = {
			isa = XCConfigurationList;
			buildConfigurations = (
				9008869428E9E5560079AC28 /* Debug */,
				9008869528E9E5560079AC28 /* Release */,
			);
			defaultConfigurationIsVisible = 0;
			defaultConfigurationName = Release;
		};
/* End XCConfigurationList section */
	};
	rootObject = 9008866128E9E5540079AC28 /* Project object */;
}
